
Microsoft Visual Studio Solution File, Format Version 12.00
# Visual Studio Version 17
VisualStudioVersion = 17.14.36414.22 d17.14
MinimumVisualStudioVersion = 10.0.40219.1
Project("{2150E333-8FDC-42A3-9474-1A3956D46DE8}") = "EMS.Application", "EMS.Application", "{02EA681E-C7D8-13C7-8484-4AC65E1B71E8}"
EndProject
Project("{2150E333-8FDC-42A3-9474-1A3956D46DE8}") = "EMS.Domain", "EMS.Domain", "{D7E9813F-F64A-4BC9-8591-DA7F634C7160}"
EndProject
Project("{2150E333-8FDC-42A3-9474-1A3956D46DE8}") = "EMS.Infra.Data", "EMS.Infra.Data", "{F20306A0-9C89-4DCB-AC9E-AB95658E8C35}"
EndProject
Project("{2150E333-8FDC-42A3-9474-1A3956D46DE8}") = "EMS.WebAPI", "EMS.WebAPI", "{8889F512-56F3-404B-BE4E-E620C47F38B6}"
EndProject
Global
	GlobalSection(SolutionProperties) = preSolution
		HideSolutionNode = FALSE
	EndGlobalSection
	GlobalSection(ExtensibilityGlobals) = postSolution
		SolutionGuid = {E881210C-E725-4D9F-B054-EC9BB6946F39}
	EndGlobalSection
EndGlobal
